
Microsoft Visual Studio Solution File, Format Version 12.00
# Visual Studio Version 17
VisualStudioVersion = 17.8.34525.116
MinimumVisualStudioVersion = 10.0.40219.1
Project("{13B669BE-BB05-4DDF-9536-439F39A36129}") = "Games-PHP-Library", "Games-PHP-Library.phpproj", "{1DBAB151-1388-47C6-818F-E59EC2490CB5}"
EndProject
Global
	GlobalSection(SolutionConfigurationPlatforms) = preSolution
		Debug|Any CPU = Debug|Any CPU
		Release|Any CPU = Release|Any CPU
	EndGlobalSection
	GlobalSection(ProjectConfigurationPlatforms) = postSolution
		{1DBAB151-1388-47C6-818F-E59EC2490CB5}.Debug|Any CPU.ActiveCfg = Debug|Any CPU
		{1DBAB151-1388-47C6-818F-E59EC2490CB5}.Debug|Any CPU.Build.0 = Debug|Any CPU
		{1DBAB151-1388-47C6-818F-E59EC2490CB5}.Release|Any CPU.ActiveCfg = Release|Any CPU
		{1DBAB151-1388-47C6-818F-E59EC2490CB5}.Release|Any CPU.Build.0 = Release|Any CPU
	EndGlobalSection
	GlobalSection(SolutionProperties) = preSolution
		HideSolutionNode = FALSE
	EndGlobalSection
	GlobalSection(ExtensibilityGlobals) = postSolution
		SolutionGuid = {0B164308-6D95-42EB-B575-C6FD195CEF80}
	EndGlobalSection
EndGlobal
